
Microsoft Visual Studio Solution File, Format Version 12.00
# Visual Studio Version 17
VisualStudioVersion = 17.0.32112.339
MinimumVisualStudioVersion = 10.0.40219.1
Project("{FAE04EC0-301F-11D3-BF4B-00C04F79EFBC}") = "cspLogger", "cspLogger\cspLogger.csproj", "{99279E13-6AC2-4DD8-A94E-62473954EA01}"
EndProject
Global
	GlobalSection(SolutionConfigurationPlatforms) = preSolution
		Debug|Any CPU = Debug|Any CPU
		Release|Any CPU = Release|Any CPU
	EndGlobalSection
	GlobalSection(ProjectConfigurationPlatforms) = postSolution
		{99279E13-6AC2-4DD8-A94E-62473954EA01}.Debug|Any CPU.ActiveCfg = Debug|Any CPU
		{99279E13-6AC2-4DD8-A94E-62473954EA01}.Debug|Any CPU.Build.0 = Debug|Any CPU
		{99279E13-6AC2-4DD8-A94E-62473954EA01}.Release|Any CPU.ActiveCfg = Release|Any CPU
		{99279E13-6AC2-4DD8-A94E-62473954EA01}.Release|Any CPU.Build.0 = Release|Any CPU
	EndGlobalSection
	GlobalSection(SolutionProperties) = preSolution
		HideSolutionNode = FALSE
	EndGlobalSection
	GlobalSection(ExtensibilityGlobals) = postSolution
		SolutionGuid = {831BB095-D938-482F-8539-CE898FA58AC8}
	EndGlobalSection
EndGlobal
